// !$*UTF8*$!
{
	archiveVersion = 1;
	classes = {
	};
	objectVersion = 50;
	objects = {

/* Begin PBXBuildFile section */
		976549CE2508014300171037 /* AppDelegate.swift in Sources */ = {isa = PBXBuildFile; fileRef = 976549CD2508014300171037 /* AppDelegate.swift */; };
		976549D02508014300171037 /* SceneDelegate.swift in Sources */ = {isa = PBXBuildFile; fileRef = 976549CF2508014300171037 /* SceneDelegate.swift */; };
		976549D82508014300171037 /* EmployeeDirectory.xcdatamodeld in Sources */ = {isa = PBXBuildFile; fileRef = 976549D62508014300171037 /* EmployeeDirectory.xcdatamodeld */; };
		976549DA2508014400171037 /* Assets.xcassets in Resources */ = {isa = PBXBuildFile; fileRef = 976549D92508014400171037 /* Assets.xcassets */; };
		976549DD2508014400171037 /* LaunchScreen.storyboard in Resources */ = {isa = PBXBuildFile; fileRef = 976549DB2508014400171037 /* LaunchScreen.storyboard */; };
		976549F3250801B700171037 /* EmployeeListContainerViewController.swift in Sources */ = {isa = PBXBuildFile; fileRef = 976549F2250801B700171037 /* EmployeeListContainerViewController.swift */; };
		976549F4250801B700171037 /* EmployeeListContainerViewController.swift in Sources */ = {isa = PBXBuildFile; fileRef = 976549F2250801B700171037 /* EmployeeListContainerViewController.swift */; };
		976549FA2508022C00171037 /* UIViewController+Extensions.swift in Sources */ = {isa = PBXBuildFile; fileRef = 976549F92508022C00171037 /* UIViewController+Extensions.swift */; };
		976549FB2508022C00171037 /* UIViewController+Extensions.swift in Sources */ = {isa = PBXBuildFile; fileRef = 976549F92508022C00171037 /* UIViewController+Extensions.swift */; };
		976549FD2508029300171037 /* EmployeeListCollectionViewController.swift in Sources */ = {isa = PBXBuildFile; fileRef = 976549FC2508029300171037 /* EmployeeListCollectionViewController.swift */; };
		976549FE2508029300171037 /* EmployeeListCollectionViewController.swift in Sources */ = {isa = PBXBuildFile; fileRef = 976549FC2508029300171037 /* EmployeeListCollectionViewController.swift */; };
		97FB74EF250804A4008E6154 /* UIView+Extensions.swift in Sources */ = {isa = PBXBuildFile; fileRef = 97FB74EE250804A4008E6154 /* UIView+Extensions.swift */; };
		97FB74F1250806C4008E6154 /* EmployeeListNavigationController.swift in Sources */ = {isa = PBXBuildFile; fileRef = 97FB74F0250806C4008E6154 /* EmployeeListNavigationController.swift */; };
		97FB74F2250806C4008E6154 /* EmployeeListNavigationController.swift in Sources */ = {isa = PBXBuildFile; fileRef = 97FB74F0250806C4008E6154 /* EmployeeListNavigationController.swift */; };
		97FB74F5250807A1008E6154 /* EmployeeListContainerViewControllerTests.swift in Sources */ = {isa = PBXBuildFile; fileRef = 97FB74F4250807A1008E6154 /* EmployeeListContainerViewControllerTests.swift */; };
		97FB74F7250807B3008E6154 /* EmployeeListNavigationControllerTests.swift in Sources */ = {isa = PBXBuildFile; fileRef = 97FB74F6250807B3008E6154 /* EmployeeListNavigationControllerTests.swift */; };
		97FB74FA250808D7008E6154 /* UIViewController+TestExtensions.swift in Sources */ = {isa = PBXBuildFile; fileRef = 97FB74F9250808D7008E6154 /* UIViewController+TestExtensions.swift */; };
		97FB74FC25080924008E6154 /* XCTestCase+TestExtensions.swift in Sources */ = {isa = PBXBuildFile; fileRef = 97FB74FB25080924008E6154 /* XCTestCase+TestExtensions.swift */; };
		97FB74FD25080A4B008E6154 /* UIView+Extensions.swift in Sources */ = {isa = PBXBuildFile; fileRef = 97FB74EE250804A4008E6154 /* UIView+Extensions.swift */; };
/* End PBXBuildFile section */

/* Begin PBXContainerItemProxy section */
		976549E42508014400171037 /* PBXContainerItemProxy */ = {
			isa = PBXContainerItemProxy;
			containerPortal = 976549C22508014300171037 /* Project object */;
			proxyType = 1;
			remoteGlobalIDString = 976549C92508014300171037;
			remoteInfo = EmployeeDirectory;
		};
/* End PBXContainerItemProxy section */

/* Begin PBXFileReference section */
		976549CA2508014300171037 /* EmployeeDirectory.app */ = {isa = PBXFileReference; explicitFileType = wrapper.application; includeInIndex = 0; path = EmployeeDirectory.app; sourceTree = BUILT_PRODUCTS_DIR; };
		976549CD2508014300171037 /* AppDelegate.swift */ = {isa = PBXFileReference; lastKnownFileType = sourcecode.swift; path = AppDelegate.swift; sourceTree = "<group>"; };
		976549CF2508014300171037 /* SceneDelegate.swift */ = {isa = PBXFileReference; lastKnownFileType = sourcecode.swift; path = SceneDelegate.swift; sourceTree = "<group>"; };
		976549D72508014300171037 /* EmployeeDirectory.xcdatamodel */ = {isa = PBXFileReference; lastKnownFileType = wrapper.xcdatamodel; path = EmployeeDirectory.xcdatamodel; sourceTree = "<group>"; };
		976549D92508014400171037 /* Assets.xcassets */ = {isa = PBXFileReference; lastKnownFileType = folder.assetcatalog; path = Assets.xcassets; sourceTree = "<group>"; };
		976549DC2508014400171037 /* Base */ = {isa = PBXFileReference; lastKnownFileType = file.storyboard; name = Base; path = Base.lproj/LaunchScreen.storyboard; sourceTree = "<group>"; };
		976549DE2508014400171037 /* Info.plist */ = {isa = PBXFileReference; lastKnownFileType = text.plist.xml; path = Info.plist; sourceTree = "<group>"; };
		976549E32508014400171037 /* EmployeeDirectoryTests.xctest */ = {isa = PBXFileReference; explicitFileType = wrapper.cfbundle; includeInIndex = 0; path = EmployeeDirectoryTests.xctest; sourceTree = BUILT_PRODUCTS_DIR; };
		976549E92508014400171037 /* Info.plist */ = {isa = PBXFileReference; lastKnownFileType = text.plist.xml; path = Info.plist; sourceTree = "<group>"; };
		976549F2250801B700171037 /* EmployeeListContainerViewController.swift */ = {isa = PBXFileReference; lastKnownFileType = sourcecode.swift; path = EmployeeListContainerViewController.swift; sourceTree = "<group>"; };
		976549F92508022C00171037 /* UIViewController+Extensions.swift */ = {isa = PBXFileReference; lastKnownFileType = sourcecode.swift; path = "UIViewController+Extensions.swift"; sourceTree = "<group>"; };
		976549FC2508029300171037 /* EmployeeListCollectionViewController.swift */ = {isa = PBXFileReference; lastKnownFileType = sourcecode.swift; path = EmployeeListCollectionViewController.swift; sourceTree = "<group>"; };
		97FB74EE250804A4008E6154 /* UIView+Extensions.swift */ = {isa = PBXFileReference; lastKnownFileType = sourcecode.swift; path = "UIView+Extensions.swift"; sourceTree = "<group>"; };
		97FB74F0250806C4008E6154 /* EmployeeListNavigationController.swift */ = {isa = PBXFileReference; lastKnownFileType = sourcecode.swift; path = EmployeeListNavigationController.swift; sourceTree = "<group>"; };
		97FB74F4250807A1008E6154 /* EmployeeListContainerViewControllerTests.swift */ = {isa = PBXFileReference; lastKnownFileType = sourcecode.swift; path = EmployeeListContainerViewControllerTests.swift; sourceTree = "<group>"; };
		97FB74F6250807B3008E6154 /* EmployeeListNavigationControllerTests.swift */ = {isa = PBXFileReference; lastKnownFileType = sourcecode.swift; path = EmployeeListNavigationControllerTests.swift; sourceTree = "<group>"; };
		97FB74F9250808D7008E6154 /* UIViewController+TestExtensions.swift */ = {isa = PBXFileReference; lastKnownFileType = sourcecode.swift; path = "UIViewController+TestExtensions.swift"; sourceTree = "<group>"; };
		97FB74FB25080924008E6154 /* XCTestCase+TestExtensions.swift */ = {isa = PBXFileReference; lastKnownFileType = sourcecode.swift; path = "XCTestCase+TestExtensions.swift"; sourceTree = "<group>"; };
/* End PBXFileReference section */

/* Begin PBXFrameworksBuildPhase section */
		976549C72508014300171037 /* Frameworks */ = {
			isa = PBXFrameworksBuildPhase;
			buildActionMask = 2147483647;
			files = (
			);
			runOnlyForDeploymentPostprocessing = 0;
		};
		976549E02508014400171037 /* Frameworks */ = {
			isa = PBXFrameworksBuildPhase;
			buildActionMask = 2147483647;
			files = (
			);
			runOnlyForDeploymentPostprocessing = 0;
		};
/* End PBXFrameworksBuildPhase section */

/* Begin PBXGroup section */
		976549C12508014300171037 = {
			isa = PBXGroup;
			children = (
				976549CC2508014300171037 /* EmployeeDirectory */,
				976549E62508014400171037 /* EmployeeDirectoryTests */,
				976549CB2508014300171037 /* Products */,
			);
			sourceTree = "<group>";
		};
		976549CB2508014300171037 /* Products */ = {
			isa = PBXGroup;
			children = (
				976549CA2508014300171037 /* EmployeeDirectory.app */,
				976549E32508014400171037 /* EmployeeDirectoryTests.xctest */,
			);
			name = Products;
			sourceTree = "<group>";
		};
		976549CC2508014300171037 /* EmployeeDirectory */ = {
			isa = PBXGroup;
			children = (
				976549F6250801E400171037 /* App Root */,
				976549F7250801F500171037 /* Employee List */,
				976549F82508021600171037 /* Extensions */,
				976549F5250801D800171037 /* Supporting Files */,
			);
			path = EmployeeDirectory;
			sourceTree = "<group>";
		};
		976549E62508014400171037 /* EmployeeDirectoryTests */ = {
			isa = PBXGroup;
			children = (
				97FB74F8250808B1008E6154 /* Extensions */,
				976549E92508014400171037 /* Info.plist */,
			);
			path = EmployeeDirectoryTests;
			sourceTree = "<group>";
		};
		976549F5250801D800171037 /* Supporting Files */ = {
			isa = PBXGroup;
			children = (
				976549D62508014300171037 /* EmployeeDirectory.xcdatamodeld */,
				976549D92508014400171037 /* Assets.xcassets */,
				976549DB2508014400171037 /* LaunchScreen.storyboard */,
				976549DE2508014400171037 /* Info.plist */,
			);
			path = "Supporting Files";
			sourceTree = "<group>";
		};
		976549F6250801E400171037 /* App Root */ = {
			isa = PBXGroup;
			children = (
				976549CD2508014300171037 /* AppDelegate.swift */,
				976549CF2508014300171037 /* SceneDelegate.swift */,
			);
			path = "App Root";
			sourceTree = "<group>";
		};
		976549F7250801F500171037 /* Employee List */ = {
			isa = PBXGroup;
			children = (
				976549FC2508029300171037 /* EmployeeListCollectionViewController.swift */,
				976549F2250801B700171037 /* EmployeeListContainerViewController.swift */,
				97FB74F4250807A1008E6154 /* EmployeeListContainerViewControllerTests.swift */,
				97FB74F0250806C4008E6154 /* EmployeeListNavigationController.swift */,
				97FB74F6250807B3008E6154 /* EmployeeListNavigationControllerTests.swift */,
			);
			path = "Employee List";
			sourceTree = "<group>";
		};
		976549F82508021600171037 /* Extensions */ = {
			isa = PBXGroup;
			children = (
				97FB74EE250804A4008E6154 /* UIView+Extensions.swift */,
				976549F92508022C00171037 /* UIViewController+Extensions.swift */,
			);
			path = Extensions;
			sourceTree = "<group>";
		};
		97FB74F8250808B1008E6154 /* Extensions */ = {
			isa = PBXGroup;
			children = (
				97FB74F9250808D7008E6154 /* UIViewController+TestExtensions.swift */,
				97FB74FB25080924008E6154 /* XCTestCase+TestExtensions.swift */,
			);
			path = Extensions;
			sourceTree = "<group>";
		};
/* End PBXGroup section */

/* Begin PBXNativeTarget section */
		976549C92508014300171037 /* EmployeeDirectory */ = {
			isa = PBXNativeTarget;
			buildConfigurationList = 976549EC2508014400171037 /* Build configuration list for PBXNativeTarget "EmployeeDirectory" */;
			buildPhases = (
				976549C62508014300171037 /* Sources */,
				976549C72508014300171037 /* Frameworks */,
				976549C82508014300171037 /* Resources */,
			);
			buildRules = (
			);
			dependencies = (
			);
			name = EmployeeDirectory;
			productName = EmployeeDirectory;
			productReference = 976549CA2508014300171037 /* EmployeeDirectory.app */;
			productType = "com.apple.product-type.application";
		};
		976549E22508014400171037 /* EmployeeDirectoryTests */ = {
			isa = PBXNativeTarget;
			buildConfigurationList = 976549EF2508014400171037 /* Build configuration list for PBXNativeTarget "EmployeeDirectoryTests" */;
			buildPhases = (
				976549DF2508014400171037 /* Sources */,
				976549E02508014400171037 /* Frameworks */,
				976549E12508014400171037 /* Resources */,
			);
			buildRules = (
			);
			dependencies = (
				976549E52508014400171037 /* PBXTargetDependency */,
			);
			name = EmployeeDirectoryTests;
			productName = EmployeeDirectoryTests;
			productReference = 976549E32508014400171037 /* EmployeeDirectoryTests.xctest */;
			productType = "com.apple.product-type.bundle.unit-test";
		};
/* End PBXNativeTarget section */

/* Begin PBXProject section */
		976549C22508014300171037 /* Project object */ = {
			isa = PBXProject;
			attributes = {
				LastSwiftUpdateCheck = 1170;
				LastUpgradeCheck = 1170;
				ORGANIZATIONNAME = "Patrick Maltagliati";
				TargetAttributes = {
					976549C92508014300171037 = {
						CreatedOnToolsVersion = 11.7;
					};
					976549E22508014400171037 = {
						CreatedOnToolsVersion = 11.7;
						TestTargetID = 976549C92508014300171037;
					};
				};
			};
			buildConfigurationList = 976549C52508014300171037 /* Build configuration list for PBXProject "EmployeeDirectory" */;
			compatibilityVersion = "Xcode 9.3";
			developmentRegion = en;
			hasScannedForEncodings = 0;
			knownRegions = (
				en,
				Base,
			);
			mainGroup = 976549C12508014300171037;
			productRefGroup = 976549CB2508014300171037 /* Products */;
			projectDirPath = "";
			projectRoot = "";
			targets = (
				976549C92508014300171037 /* EmployeeDirectory */,
				976549E22508014400171037 /* EmployeeDirectoryTests */,
			);
		};
/* End PBXProject section */

/* Begin PBXResourcesBuildPhase section */
		976549C82508014300171037 /* Resources */ = {
			isa = PBXResourcesBuildPhase;
			buildActionMask = 2147483647;
			files = (
				976549DD2508014400171037 /* LaunchScreen.storyboard in Resources */,
				976549DA2508014400171037 /* Assets.xcassets in Resources */,
			);
			runOnlyForDeploymentPostprocessing = 0;
		};
		976549E12508014400171037 /* Resources */ = {
			isa = PBXResourcesBuildPhase;
			buildActionMask = 2147483647;
			files = (
			);
			runOnlyForDeploymentPostprocessing = 0;
		};
/* End PBXResourcesBuildPhase section */

/* Begin PBXSourcesBuildPhase section */
		976549C62508014300171037 /* Sources */ = {
			isa = PBXSourcesBuildPhase;
			buildActionMask = 2147483647;
			files = (
				97FB74EF250804A4008E6154 /* UIView+Extensions.swift in Sources */,
				97FB74F1250806C4008E6154 /* EmployeeListNavigationController.swift in Sources */,
				976549F3250801B700171037 /* EmployeeListContainerViewController.swift in Sources */,
				976549CE2508014300171037 /* AppDelegate.swift in Sources */,
				976549FD2508029300171037 /* EmployeeListCollectionViewController.swift in Sources */,
				976549FA2508022C00171037 /* UIViewController+Extensions.swift in Sources */,
				976549D02508014300171037 /* SceneDelegate.swift in Sources */,
				976549D82508014300171037 /* EmployeeDirectory.xcdatamodeld in Sources */,
			);
			runOnlyForDeploymentPostprocessing = 0;
		};
		976549DF2508014400171037 /* Sources */ = {
			isa = PBXSourcesBuildPhase;
			buildActionMask = 2147483647;
			files = (
				976549FE2508029300171037 /* EmployeeListCollectionViewController.swift in Sources */,
				97FB74F5250807A1008E6154 /* EmployeeListContainerViewControllerTests.swift in Sources */,
				97FB74FA250808D7008E6154 /* UIViewController+TestExtensions.swift in Sources */,
				97FB74FD25080A4B008E6154 /* UIView+Extensions.swift in Sources */,
				97FB74F2250806C4008E6154 /* EmployeeListNavigationController.swift in Sources */,
				97FB74FC25080924008E6154 /* XCTestCase+TestExtensions.swift in Sources */,
				976549F4250801B700171037 /* EmployeeListContainerViewController.swift in Sources */,
				976549FB2508022C00171037 /* UIViewController+Extensions.swift in Sources */,
				97FB74F7250807B3008E6154 /* EmployeeListNavigationControllerTests.swift in Sources */,
			);
			runOnlyForDeploymentPostprocessing = 0;
		};
/* End PBXSourcesBuildPhase section */

/* Begin PBXTargetDependency section */
		976549E52508014400171037 /* PBXTargetDependency */ = {
			isa = PBXTargetDependency;
			target = 976549C92508014300171037 /* EmployeeDirectory */;
			targetProxy = 976549E42508014400171037 /* PBXContainerItemProxy */;
		};
/* End PBXTargetDependency section */

/* Begin PBXVariantGroup section */
		976549DB2508014400171037 /* LaunchScreen.storyboard */ = {
			isa = PBXVariantGroup;
			children = (
				976549DC2508014400171037 /* Base */,
			);
			name = LaunchScreen.storyboard;
			sourceTree = "<group>";
		};
/* End PBXVariantGroup section */

/* Begin XCBuildConfiguration section */
		976549EA2508014400171037 /* Debug */ = {
			isa = XCBuildConfiguration;
			buildSettings = {
				ALWAYS_SEARCH_USER_PATHS = NO;
				CLANG_ANALYZER_NONNULL = YES;
				CLANG_ANALYZER_NUMBER_OBJECT_CONVERSION = YES_AGGRESSIVE;
				CLANG_CXX_LANGUAGE_STANDARD = "gnu++14";
				CLANG_CXX_LIBRARY = "libc++";
				CLANG_ENABLE_MODULES = YES;
				CLANG_ENABLE_OBJC_ARC = YES;
				CLANG_ENABLE_OBJC_WEAK = YES;
				CLANG_WARN_BLOCK_CAPTURE_AUTORELEASING = YES;
				CLANG_WARN_BOOL_CONVERSION = YES;
				CLANG_WARN_COMMA = YES;
				CLANG_WARN_CONSTANT_CONVERSION = YES;
				CLANG_WARN_DEPRECATED_OBJC_IMPLEMENTATIONS = YES;
				CLANG_WARN_DIRECT_OBJC_ISA_USAGE = YES_ERROR;
				CLANG_WARN_DOCUMENTATION_COMMENTS = YES;
				CLANG_WARN_EMPTY_BODY = YES;
				CLANG_WARN_ENUM_CONVERSION = YES;
				CLANG_WARN_INFINITE_RECURSION = YES;
				CLANG_WARN_INT_CONVERSION = YES;
				CLANG_WARN_NON_LITERAL_NULL_CONVERSION = YES;
				CLANG_WARN_OBJC_IMPLICIT_RETAIN_SELF = YES;
				CLANG_WARN_OBJC_LITERAL_CONVERSION = YES;
				CLANG_WARN_OBJC_ROOT_CLASS = YES_ERROR;
				CLANG_WARN_RANGE_LOOP_ANALYSIS = YES;
				CLANG_WARN_STRICT_PROTOTYPES = YES;
				CLANG_WARN_SUSPICIOUS_MOVE = YES;
				CLANG_WARN_UNGUARDED_AVAILABILITY = YES_AGGRESSIVE;
				CLANG_WARN_UNREACHABLE_CODE = YES;
				CLANG_WARN__DUPLICATE_METHOD_MATCH = YES;
				COPY_PHASE_STRIP = NO;
				DEBUG_INFORMATION_FORMAT = dwarf;
				ENABLE_STRICT_OBJC_MSGSEND = YES;
				ENABLE_TESTABILITY = YES;
				GCC_C_LANGUAGE_STANDARD = gnu11;
				GCC_DYNAMIC_NO_PIC = NO;
				GCC_NO_COMMON_BLOCKS = YES;
				GCC_OPTIMIZATION_LEVEL = 0;
				GCC_PREPROCESSOR_DEFINITIONS = (
					"DEBUG=1",
					"$(inherited)",
				);
				GCC_WARN_64_TO_32_BIT_CONVERSION = YES;
				GCC_WARN_ABOUT_RETURN_TYPE = YES_ERROR;
				GCC_WARN_UNDECLARED_SELECTOR = YES;
				GCC_WARN_UNINITIALIZED_AUTOS = YES_AGGRESSIVE;
				GCC_WARN_UNUSED_FUNCTION = YES;
				GCC_WARN_UNUSED_VARIABLE = YES;
				IPHONEOS_DEPLOYMENT_TARGET = 13.7;
				MTL_ENABLE_DEBUG_INFO = INCLUDE_SOURCE;
				MTL_FAST_MATH = YES;
				ONLY_ACTIVE_ARCH = YES;
				SDKROOT = iphoneos;
				SWIFT_ACTIVE_COMPILATION_CONDITIONS = DEBUG;
				SWIFT_OPTIMIZATION_LEVEL = "-Onone";
			};
			name = Debug;
		};
		976549EB2508014400171037 /* Release */ = {
			isa = XCBuildConfiguration;
			buildSettings = {
				ALWAYS_SEARCH_USER_PATHS = NO;
				CLANG_ANALYZER_NONNULL = YES;
				CLANG_ANALYZER_NUMBER_OBJECT_CONVERSION = YES_AGGRESSIVE;
				CLANG_CXX_LANGUAGE_STANDARD = "gnu++14";
				CLANG_CXX_LIBRARY = "libc++";
				CLANG_ENABLE_MODULES = YES;
				CLANG_ENABLE_OBJC_ARC = YES;
				CLANG_ENABLE_OBJC_WEAK = YES;
				CLANG_WARN_BLOCK_CAPTURE_AUTORELEASING = YES;
				CLANG_WARN_BOOL_CONVERSION = YES;
				CLANG_WARN_COMMA = YES;
				CLANG_WARN_CONSTANT_CONVERSION = YES;
				CLANG_WARN_DEPRECATED_OBJC_IMPLEMENTATIONS = YES;
				CLANG_WARN_DIRECT_OBJC_ISA_USAGE = YES_ERROR;
				CLANG_WARN_DOCUMENTATION_COMMENTS = YES;
				CLANG_WARN_EMPTY_BODY = YES;
				CLANG_WARN_ENUM_CONVERSION = YES;
				CLANG_WARN_INFINITE_RECURSION = YES;
				CLANG_WARN_INT_CONVERSION = YES;
				CLANG_WARN_NON_LITERAL_NULL_CONVERSION = YES;
				CLANG_WARN_OBJC_IMPLICIT_RETAIN_SELF = YES;
				CLANG_WARN_OBJC_LITERAL_CONVERSION = YES;
				CLANG_WARN_OBJC_ROOT_CLASS = YES_ERROR;
				CLANG_WARN_RANGE_LOOP_ANALYSIS = YES;
				CLANG_WARN_STRICT_PROTOTYPES = YES;
				CLANG_WARN_SUSPICIOUS_MOVE = YES;
				CLANG_WARN_UNGUARDED_AVAILABILITY = YES_AGGRESSIVE;
				CLANG_WARN_UNREACHABLE_CODE = YES;
				CLANG_WARN__DUPLICATE_METHOD_MATCH = YES;
				COPY_PHASE_STRIP = NO;
				DEBUG_INFORMATION_FORMAT = "dwarf-with-dsym";
				ENABLE_NS_ASSERTIONS = NO;
				ENABLE_STRICT_OBJC_MSGSEND = YES;
				GCC_C_LANGUAGE_STANDARD = gnu11;
				GCC_NO_COMMON_BLOCKS = YES;
				GCC_WARN_64_TO_32_BIT_CONVERSION = YES;
				GCC_WARN_ABOUT_RETURN_TYPE = YES_ERROR;
				GCC_WARN_UNDECLARED_SELECTOR = YES;
				GCC_WARN_UNINITIALIZED_AUTOS = YES_AGGRESSIVE;
				GCC_WARN_UNUSED_FUNCTION = YES;
				GCC_WARN_UNUSED_VARIABLE = YES;
				IPHONEOS_DEPLOYMENT_TARGET = 13.7;
				MTL_ENABLE_DEBUG_INFO = NO;
				MTL_FAST_MATH = YES;
				SDKROOT = iphoneos;
				SWIFT_COMPILATION_MODE = wholemodule;
				SWIFT_OPTIMIZATION_LEVEL = "-O";
				VALIDATE_PRODUCT = YES;
			};
			name = Release;
		};
		976549ED2508014400171037 /* Debug */ = {
			isa = XCBuildConfiguration;
			buildSettings = {
				ASSETCATALOG_COMPILER_APPICON_NAME = AppIcon;
				CODE_SIGN_STYLE = Automatic;
				INFOPLIST_FILE = "EmployeeDirectory/Supporting FIles/Info.plist";
				LD_RUNPATH_SEARCH_PATHS = (
					"$(inherited)",
					"@executable_path/Frameworks",
				);
				PRODUCT_BUNDLE_IDENTIFIER = Maltagliati.EmployeeDirectory;
				PRODUCT_NAME = "$(TARGET_NAME)";
				SWIFT_VERSION = 5.0;
				TARGETED_DEVICE_FAMILY = "1,2";
			};
			name = Debug;
		};
		976549EE2508014400171037 /* Release */ = {
			isa = XCBuildConfiguration;
			buildSettings = {
				ASSETCATALOG_COMPILER_APPICON_NAME = AppIcon;
				CODE_SIGN_STYLE = Automatic;
				INFOPLIST_FILE = "EmployeeDirectory/Supporting FIles/Info.plist";
				LD_RUNPATH_SEARCH_PATHS = (
					"$(inherited)",
					"@executable_path/Frameworks",
				);
				PRODUCT_BUNDLE_IDENTIFIER = Maltagliati.EmployeeDirectory;
				PRODUCT_NAME = "$(TARGET_NAME)";
				SWIFT_VERSION = 5.0;
				TARGETED_DEVICE_FAMILY = "1,2";
			};
			name = Release;
		};
		976549F02508014400171037 /* Debug */ = {
			isa = XCBuildConfiguration;
			buildSettings = {
				ALWAYS_EMBED_SWIFT_STANDARD_LIBRARIES = YES;
				BUNDLE_LOADER = "$(TEST_HOST)";
				CODE_SIGN_STYLE = Automatic;
				INFOPLIST_FILE = EmployeeDirectoryTests/Info.plist;
				IPHONEOS_DEPLOYMENT_TARGET = 13.7;
				LD_RUNPATH_SEARCH_PATHS = (
					"$(inherited)",
					"@executable_path/Frameworks",
					"@loader_path/Frameworks",
				);
				PRODUCT_BUNDLE_IDENTIFIER = Maltagliati.EmployeeDirectoryTests;
				PRODUCT_NAME = "$(TARGET_NAME)";
				SWIFT_VERSION = 5.0;
				TARGETED_DEVICE_FAMILY = "1,2";
				TEST_HOST = "$(BUILT_PRODUCTS_DIR)/EmployeeDirectory.app/EmployeeDirectory";
			};
			name = Debug;
		};
		976549F12508014400171037 /* Release */ = {
			isa = XCBuildConfiguration;
			buildSettings = {
				ALWAYS_EMBED_SWIFT_STANDARD_LIBRARIES = YES;
				BUNDLE_LOADER = "$(TEST_HOST)";
				CODE_SIGN_STYLE = Automatic;
				INFOPLIST_FILE = EmployeeDirectoryTests/Info.plist;
				IPHONEOS_DEPLOYMENT_TARGET = 13.7;
				LD_RUNPATH_SEARCH_PATHS = (
					"$(inherited)",
					"@executable_path/Frameworks",
					"@loader_path/Frameworks",
				);
				PRODUCT_BUNDLE_IDENTIFIER = Maltagliati.EmployeeDirectoryTests;
				PRODUCT_NAME = "$(TARGET_NAME)";
				SWIFT_VERSION = 5.0;
				TARGETED_DEVICE_FAMILY = "1,2";
				TEST_HOST = "$(BUILT_PRODUCTS_DIR)/EmployeeDirectory.app/EmployeeDirectory";
			};
			name = Release;
		};
/* End XCBuildConfiguration section */

/* Begin XCConfigurationList section */
		976549C52508014300171037 /* Build configuration list for PBXProject "EmployeeDirectory" */ = {
			isa = XCConfigurationList;
			buildConfigurations = (
				976549EA2508014400171037 /* Debug */,
				976549EB2508014400171037 /* Release */,
			);
			defaultConfigurationIsVisible = 0;
			defaultConfigurationName = Release;
		};
		976549EC2508014400171037 /* Build configuration list for PBXNativeTarget "EmployeeDirectory" */ = {
			isa = XCConfigurationList;
			buildConfigurations = (
				976549ED2508014400171037 /* Debug */,
				976549EE2508014400171037 /* Release */,
			);
			defaultConfigurationIsVisible = 0;
			defaultConfigurationName = Release;
		};
		976549EF2508014400171037 /* Build configuration list for PBXNativeTarget "EmployeeDirectoryTests" */ = {
			isa = XCConfigurationList;
			buildConfigurations = (
				976549F02508014400171037 /* Debug */,
				976549F12508014400171037 /* Release */,
			);
			defaultConfigurationIsVisible = 0;
			defaultConfigurationName = Release;
		};
/* End XCConfigurationList section */

/* Begin XCVersionGroup section */
		976549D62508014300171037 /* EmployeeDirectory.xcdatamodeld */ = {
			isa = XCVersionGroup;
			children = (
				976549D72508014300171037 /* EmployeeDirectory.xcdatamodel */,
			);
			currentVersion = 976549D72508014300171037 /* EmployeeDirectory.xcdatamodel */;
			path = EmployeeDirectory.xcdatamodeld;
			sourceTree = "<group>";
			versionGroupType = wrapper.xcdatamodel;
		};
/* End XCVersionGroup section */
	};
	rootObject = 976549C22508014300171037 /* Project object */;
}
