// !$*UTF8*$!
{
	archiveVersion = 1;
	classes = {
	};
	objectVersion = 51;
	objects = {

/* Begin PBXBuildFile section */
		03024C916FB2A0F8C434EF91 /* Pods_EmployeeDirectoryTests.framework in Frameworks */ = {isa = PBXBuildFile; fileRef = 95839B0ED2C78729993F1936 /* Pods_EmployeeDirectoryTests.framework */; };
		79205802BA36C63198D45AA7 /* Pods_EmployeeDirectory.framework in Frameworks */ = {isa = PBXBuildFile; fileRef = 4EEA1738B10F9CDF7D424CD5 /* Pods_EmployeeDirectory.framework */; };
		9705DE51250837F600A43645 /* EmployeeListEndpoint.swift in Sources */ = {isa = PBXBuildFile; fileRef = 9705DE50250837F600A43645 /* EmployeeListEndpoint.swift */; };
		9705DE52250837F600A43645 /* EmployeeListEndpoint.swift in Sources */ = {isa = PBXBuildFile; fileRef = 9705DE50250837F600A43645 /* EmployeeListEndpoint.swift */; };
		9705DE542508380300A43645 /* EmployeeListEndpointTests.swift in Sources */ = {isa = PBXBuildFile; fileRef = 9705DE532508380300A43645 /* EmployeeListEndpointTests.swift */; };
		9705DE5725083A3F00A43645 /* URLProtocolMock.swift in Sources */ = {isa = PBXBuildFile; fileRef = 9705DE5625083A3F00A43645 /* URLProtocolMock.swift */; };
		9705DE5925083E0000A43645 /* Employee+TestExtensions.swift in Sources */ = {isa = PBXBuildFile; fileRef = 9705DE5825083E0000A43645 /* Employee+TestExtensions.swift */; };
		9705DE5B250847D200A43645 /* EmployeeListModel.swift in Sources */ = {isa = PBXBuildFile; fileRef = 9705DE5A250847D200A43645 /* EmployeeListModel.swift */; };
		9705DE5C250847D200A43645 /* EmployeeListModel.swift in Sources */ = {isa = PBXBuildFile; fileRef = 9705DE5A250847D200A43645 /* EmployeeListModel.swift */; };
		9705DE5F2508481300A43645 /* EmployeeListModelTests.swift in Sources */ = {isa = PBXBuildFile; fileRef = 9705DE5E2508481300A43645 /* EmployeeListModelTests.swift */; };
		972F72962508F89700B123DD /* ImageDownloader.swift in Sources */ = {isa = PBXBuildFile; fileRef = 972F72952508F89700B123DD /* ImageDownloader.swift */; };
		972F72982509287200B123DD /* ImageDownloader.swift in Sources */ = {isa = PBXBuildFile; fileRef = 972F72952508F89700B123DD /* ImageDownloader.swift */; };
		972F729C2509306700B123DD /* DataStack.swift in Sources */ = {isa = PBXBuildFile; fileRef = 972F729B2509306700B123DD /* DataStack.swift */; };
		972F729D2509306700B123DD /* DataStack.swift in Sources */ = {isa = PBXBuildFile; fileRef = 972F729B2509306700B123DD /* DataStack.swift */; };
		976549CE2508014300171037 /* AppDelegate.swift in Sources */ = {isa = PBXBuildFile; fileRef = 976549CD2508014300171037 /* AppDelegate.swift */; };
		976549D02508014300171037 /* SceneDelegate.swift in Sources */ = {isa = PBXBuildFile; fileRef = 976549CF2508014300171037 /* SceneDelegate.swift */; };
		976549D82508014300171037 /* EmployeeDirectory.xcdatamodeld in Sources */ = {isa = PBXBuildFile; fileRef = 976549D62508014300171037 /* EmployeeDirectory.xcdatamodeld */; };
		976549DA2508014400171037 /* Assets.xcassets in Resources */ = {isa = PBXBuildFile; fileRef = 976549D92508014400171037 /* Assets.xcassets */; };
		976549DD2508014400171037 /* LaunchScreen.storyboard in Resources */ = {isa = PBXBuildFile; fileRef = 976549DB2508014400171037 /* LaunchScreen.storyboard */; };
		976549F3250801B700171037 /* EmployeeListContainerViewController.swift in Sources */ = {isa = PBXBuildFile; fileRef = 976549F2250801B700171037 /* EmployeeListContainerViewController.swift */; };
		976549F4250801B700171037 /* EmployeeListContainerViewController.swift in Sources */ = {isa = PBXBuildFile; fileRef = 976549F2250801B700171037 /* EmployeeListContainerViewController.swift */; };
		976549FA2508022C00171037 /* UIViewController+Extensions.swift in Sources */ = {isa = PBXBuildFile; fileRef = 976549F92508022C00171037 /* UIViewController+Extensions.swift */; };
		976549FB2508022C00171037 /* UIViewController+Extensions.swift in Sources */ = {isa = PBXBuildFile; fileRef = 976549F92508022C00171037 /* UIViewController+Extensions.swift */; };
		976549FD2508029300171037 /* EmployeeListCollectionViewController.swift in Sources */ = {isa = PBXBuildFile; fileRef = 976549FC2508029300171037 /* EmployeeListCollectionViewController.swift */; };
		976549FE2508029300171037 /* EmployeeListCollectionViewController.swift in Sources */ = {isa = PBXBuildFile; fileRef = 976549FC2508029300171037 /* EmployeeListCollectionViewController.swift */; };
		97F4101E25099FAE007AC421 /* EmployeeDirectory.xcdatamodeld in Sources */ = {isa = PBXBuildFile; fileRef = 976549D62508014300171037 /* EmployeeDirectory.xcdatamodeld */; };
		97F410202509A05A007AC421 /* DataStackProtocolMock.swift in Sources */ = {isa = PBXBuildFile; fileRef = 97F4101F2509A05A007AC421 /* DataStackProtocolMock.swift */; };
		97F410222509A635007AC421 /* EmployeeListErrorViewController.swift in Sources */ = {isa = PBXBuildFile; fileRef = 97F410212509A635007AC421 /* EmployeeListErrorViewController.swift */; };
		97F410232509A635007AC421 /* EmployeeListErrorViewController.swift in Sources */ = {isa = PBXBuildFile; fileRef = 97F410212509A635007AC421 /* EmployeeListErrorViewController.swift */; };
		97F410252509AACB007AC421 /* EmployeeListLoadingViewController.swift in Sources */ = {isa = PBXBuildFile; fileRef = 97F410242509AACB007AC421 /* EmployeeListLoadingViewController.swift */; };
		97F410262509AACB007AC421 /* EmployeeListLoadingViewController.swift in Sources */ = {isa = PBXBuildFile; fileRef = 97F410242509AACB007AC421 /* EmployeeListLoadingViewController.swift */; };
		97FB74EF250804A4008E6154 /* UIView+Extensions.swift in Sources */ = {isa = PBXBuildFile; fileRef = 97FB74EE250804A4008E6154 /* UIView+Extensions.swift */; };
		97FB74F1250806C4008E6154 /* EmployeeListNavigationController.swift in Sources */ = {isa = PBXBuildFile; fileRef = 97FB74F0250806C4008E6154 /* EmployeeListNavigationController.swift */; };
		97FB74F2250806C4008E6154 /* EmployeeListNavigationController.swift in Sources */ = {isa = PBXBuildFile; fileRef = 97FB74F0250806C4008E6154 /* EmployeeListNavigationController.swift */; };
		97FB74F5250807A1008E6154 /* EmployeeListContainerViewControllerTests.swift in Sources */ = {isa = PBXBuildFile; fileRef = 97FB74F4250807A1008E6154 /* EmployeeListContainerViewControllerTests.swift */; };
		97FB74F7250807B3008E6154 /* EmployeeListNavigationControllerTests.swift in Sources */ = {isa = PBXBuildFile; fileRef = 97FB74F6250807B3008E6154 /* EmployeeListNavigationControllerTests.swift */; };
		97FB74FA250808D7008E6154 /* UIViewController+TestExtensions.swift in Sources */ = {isa = PBXBuildFile; fileRef = 97FB74F9250808D7008E6154 /* UIViewController+TestExtensions.swift */; };
		97FB74FC25080924008E6154 /* XCTestCase+TestExtensions.swift in Sources */ = {isa = PBXBuildFile; fileRef = 97FB74FB25080924008E6154 /* XCTestCase+TestExtensions.swift */; };
		97FB74FD25080A4B008E6154 /* UIView+Extensions.swift in Sources */ = {isa = PBXBuildFile; fileRef = 97FB74EE250804A4008E6154 /* UIView+Extensions.swift */; };
		97FB750025080CBE008E6154 /* Employee.swift in Sources */ = {isa = PBXBuildFile; fileRef = 97FB74FF25080CBE008E6154 /* Employee.swift */; };
		97FB750125080CBE008E6154 /* Employee.swift in Sources */ = {isa = PBXBuildFile; fileRef = 97FB74FF25080CBE008E6154 /* Employee.swift */; };
		97FB750325080CCC008E6154 /* EmployeeTests.swift in Sources */ = {isa = PBXBuildFile; fileRef = 97FB750225080CCC008E6154 /* EmployeeTests.swift */; };
/* End PBXBuildFile section */

/* Begin PBXContainerItemProxy section */
		976549E42508014400171037 /* PBXContainerItemProxy */ = {
			isa = PBXContainerItemProxy;
			containerPortal = 976549C22508014300171037 /* Project object */;
			proxyType = 1;
			remoteGlobalIDString = 976549C92508014300171037;
			remoteInfo = EmployeeDirectory;
		};
/* End PBXContainerItemProxy section */

/* Begin PBXFileReference section */
		31F3D357458946F3DA5E27CE /* Pods-EmployeeDirectory.release.xcconfig */ = {isa = PBXFileReference; includeInIndex = 1; lastKnownFileType = text.xcconfig; name = "Pods-EmployeeDirectory.release.xcconfig"; path = "Target Support Files/Pods-EmployeeDirectory/Pods-EmployeeDirectory.release.xcconfig"; sourceTree = "<group>"; };
		4EEA1738B10F9CDF7D424CD5 /* Pods_EmployeeDirectory.framework */ = {isa = PBXFileReference; explicitFileType = wrapper.framework; includeInIndex = 0; path = Pods_EmployeeDirectory.framework; sourceTree = BUILT_PRODUCTS_DIR; };
		95839B0ED2C78729993F1936 /* Pods_EmployeeDirectoryTests.framework */ = {isa = PBXFileReference; explicitFileType = wrapper.framework; includeInIndex = 0; path = Pods_EmployeeDirectoryTests.framework; sourceTree = BUILT_PRODUCTS_DIR; };
		9705DE50250837F600A43645 /* EmployeeListEndpoint.swift */ = {isa = PBXFileReference; lastKnownFileType = sourcecode.swift; path = EmployeeListEndpoint.swift; sourceTree = "<group>"; };
		9705DE532508380300A43645 /* EmployeeListEndpointTests.swift */ = {isa = PBXFileReference; lastKnownFileType = sourcecode.swift; path = EmployeeListEndpointTests.swift; sourceTree = "<group>"; };
		9705DE5625083A3F00A43645 /* URLProtocolMock.swift */ = {isa = PBXFileReference; lastKnownFileType = sourcecode.swift; path = URLProtocolMock.swift; sourceTree = "<group>"; };
		9705DE5825083E0000A43645 /* Employee+TestExtensions.swift */ = {isa = PBXFileReference; lastKnownFileType = sourcecode.swift; path = "Employee+TestExtensions.swift"; sourceTree = "<group>"; };
		9705DE5A250847D200A43645 /* EmployeeListModel.swift */ = {isa = PBXFileReference; lastKnownFileType = sourcecode.swift; path = EmployeeListModel.swift; sourceTree = "<group>"; };
		9705DE5E2508481300A43645 /* EmployeeListModelTests.swift */ = {isa = PBXFileReference; lastKnownFileType = sourcecode.swift; path = EmployeeListModelTests.swift; sourceTree = "<group>"; };
		972F72952508F89700B123DD /* ImageDownloader.swift */ = {isa = PBXFileReference; lastKnownFileType = sourcecode.swift; path = ImageDownloader.swift; sourceTree = "<group>"; };
		972F729B2509306700B123DD /* DataStack.swift */ = {isa = PBXFileReference; lastKnownFileType = sourcecode.swift; path = DataStack.swift; sourceTree = "<group>"; };
		976549CA2508014300171037 /* EmployeeDirectory.app */ = {isa = PBXFileReference; explicitFileType = wrapper.application; includeInIndex = 0; path = EmployeeDirectory.app; sourceTree = BUILT_PRODUCTS_DIR; };
		976549CD2508014300171037 /* AppDelegate.swift */ = {isa = PBXFileReference; lastKnownFileType = sourcecode.swift; path = AppDelegate.swift; sourceTree = "<group>"; };
		976549CF2508014300171037 /* SceneDelegate.swift */ = {isa = PBXFileReference; lastKnownFileType = sourcecode.swift; path = SceneDelegate.swift; sourceTree = "<group>"; };
		976549D72508014300171037 /* EmployeeDirectory.xcdatamodel */ = {isa = PBXFileReference; lastKnownFileType = wrapper.xcdatamodel; path = EmployeeDirectory.xcdatamodel; sourceTree = "<group>"; };
		976549D92508014400171037 /* Assets.xcassets */ = {isa = PBXFileReference; lastKnownFileType = folder.assetcatalog; path = Assets.xcassets; sourceTree = "<group>"; };
		976549DC2508014400171037 /* Base */ = {isa = PBXFileReference; lastKnownFileType = file.storyboard; name = Base; path = Base.lproj/LaunchScreen.storyboard; sourceTree = "<group>"; };
		976549DE2508014400171037 /* Info.plist */ = {isa = PBXFileReference; lastKnownFileType = text.plist.xml; path = Info.plist; sourceTree = "<group>"; };
		976549E32508014400171037 /* EmployeeDirectoryTests.xctest */ = {isa = PBXFileReference; explicitFileType = wrapper.cfbundle; includeInIndex = 0; path = EmployeeDirectoryTests.xctest; sourceTree = BUILT_PRODUCTS_DIR; };
		976549E92508014400171037 /* Info.plist */ = {isa = PBXFileReference; lastKnownFileType = text.plist.xml; path = Info.plist; sourceTree = "<group>"; };
		976549F2250801B700171037 /* EmployeeListContainerViewController.swift */ = {isa = PBXFileReference; lastKnownFileType = sourcecode.swift; path = EmployeeListContainerViewController.swift; sourceTree = "<group>"; };
		976549F92508022C00171037 /* UIViewController+Extensions.swift */ = {isa = PBXFileReference; lastKnownFileType = sourcecode.swift; path = "UIViewController+Extensions.swift"; sourceTree = "<group>"; };
		976549FC2508029300171037 /* EmployeeListCollectionViewController.swift */ = {isa = PBXFileReference; lastKnownFileType = sourcecode.swift; path = EmployeeListCollectionViewController.swift; sourceTree = "<group>"; };
		97F4101F2509A05A007AC421 /* DataStackProtocolMock.swift */ = {isa = PBXFileReference; lastKnownFileType = sourcecode.swift; path = DataStackProtocolMock.swift; sourceTree = "<group>"; };
		97F410212509A635007AC421 /* EmployeeListErrorViewController.swift */ = {isa = PBXFileReference; lastKnownFileType = sourcecode.swift; path = EmployeeListErrorViewController.swift; sourceTree = "<group>"; };
		97F410242509AACB007AC421 /* EmployeeListLoadingViewController.swift */ = {isa = PBXFileReference; lastKnownFileType = sourcecode.swift; path = EmployeeListLoadingViewController.swift; sourceTree = "<group>"; };
		97FB74EE250804A4008E6154 /* UIView+Extensions.swift */ = {isa = PBXFileReference; lastKnownFileType = sourcecode.swift; path = "UIView+Extensions.swift"; sourceTree = "<group>"; };
		97FB74F0250806C4008E6154 /* EmployeeListNavigationController.swift */ = {isa = PBXFileReference; lastKnownFileType = sourcecode.swift; path = EmployeeListNavigationController.swift; sourceTree = "<group>"; };
		97FB74F4250807A1008E6154 /* EmployeeListContainerViewControllerTests.swift */ = {isa = PBXFileReference; lastKnownFileType = sourcecode.swift; path = EmployeeListContainerViewControllerTests.swift; sourceTree = "<group>"; };
		97FB74F6250807B3008E6154 /* EmployeeListNavigationControllerTests.swift */ = {isa = PBXFileReference; lastKnownFileType = sourcecode.swift; path = EmployeeListNavigationControllerTests.swift; sourceTree = "<group>"; };
		97FB74F9250808D7008E6154 /* UIViewController+TestExtensions.swift */ = {isa = PBXFileReference; lastKnownFileType = sourcecode.swift; path = "UIViewController+TestExtensions.swift"; sourceTree = "<group>"; };
		97FB74FB25080924008E6154 /* XCTestCase+TestExtensions.swift */ = {isa = PBXFileReference; lastKnownFileType = sourcecode.swift; path = "XCTestCase+TestExtensions.swift"; sourceTree = "<group>"; };
		97FB74FF25080CBE008E6154 /* Employee.swift */ = {isa = PBXFileReference; lastKnownFileType = sourcecode.swift; path = Employee.swift; sourceTree = "<group>"; };
		97FB750225080CCC008E6154 /* EmployeeTests.swift */ = {isa = PBXFileReference; lastKnownFileType = sourcecode.swift; path = EmployeeTests.swift; sourceTree = "<group>"; };
		A294A19C696993EF24303C89 /* Pods-EmployeeDirectory.debug.xcconfig */ = {isa = PBXFileReference; includeInIndex = 1; lastKnownFileType = text.xcconfig; name = "Pods-EmployeeDirectory.debug.xcconfig"; path = "Target Support Files/Pods-EmployeeDirectory/Pods-EmployeeDirectory.debug.xcconfig"; sourceTree = "<group>"; };
		DC056883041794785A5F7278 /* Pods-EmployeeDirectoryTests.debug.xcconfig */ = {isa = PBXFileReference; includeInIndex = 1; lastKnownFileType = text.xcconfig; name = "Pods-EmployeeDirectoryTests.debug.xcconfig"; path = "Target Support Files/Pods-EmployeeDirectoryTests/Pods-EmployeeDirectoryTests.debug.xcconfig"; sourceTree = "<group>"; };
		E4CA40F4BC2D36FE3733E822 /* Pods-EmployeeDirectoryTests.release.xcconfig */ = {isa = PBXFileReference; includeInIndex = 1; lastKnownFileType = text.xcconfig; name = "Pods-EmployeeDirectoryTests.release.xcconfig"; path = "Target Support Files/Pods-EmployeeDirectoryTests/Pods-EmployeeDirectoryTests.release.xcconfig"; sourceTree = "<group>"; };
/* End PBXFileReference section */

/* Begin PBXFrameworksBuildPhase section */
		976549C72508014300171037 /* Frameworks */ = {
			isa = PBXFrameworksBuildPhase;
			buildActionMask = 2147483647;
			files = (
				79205802BA36C63198D45AA7 /* Pods_EmployeeDirectory.framework in Frameworks */,
			);
			runOnlyForDeploymentPostprocessing = 0;
		};
		976549E02508014400171037 /* Frameworks */ = {
			isa = PBXFrameworksBuildPhase;
			buildActionMask = 2147483647;
			files = (
				03024C916FB2A0F8C434EF91 /* Pods_EmployeeDirectoryTests.framework in Frameworks */,
			);
			runOnlyForDeploymentPostprocessing = 0;
		};
/* End PBXFrameworksBuildPhase section */

/* Begin PBXGroup section */
		9705DE5525083A0600A43645 /* Mocks */ = {
			isa = PBXGroup;
			children = (
				97F4101F2509A05A007AC421 /* DataStackProtocolMock.swift */,
				9705DE5625083A3F00A43645 /* URLProtocolMock.swift */,
			);
			path = Mocks;
			sourceTree = "<group>";
		};
		972F72942508F83900B123DD /* Images */ = {
			isa = PBXGroup;
			children = (
				972F72952508F89700B123DD /* ImageDownloader.swift */,
			);
			path = Images;
			sourceTree = "<group>";
		};
		972F729A2509303500B123DD /* Persistence */ = {
			isa = PBXGroup;
			children = (
				972F729B2509306700B123DD /* DataStack.swift */,
			);
			path = Persistence;
			sourceTree = "<group>";
		};
		976549C12508014300171037 = {
			isa = PBXGroup;
			children = (
				976549CC2508014300171037 /* EmployeeDirectory */,
				976549E62508014400171037 /* EmployeeDirectoryTests */,
				976549CB2508014300171037 /* Products */,
				E2E608CA28A899A1072599DB /* Pods */,
				A09741B136323EF3BE377A16 /* Frameworks */,
			);
			sourceTree = "<group>";
		};
		976549CB2508014300171037 /* Products */ = {
			isa = PBXGroup;
			children = (
				976549CA2508014300171037 /* EmployeeDirectory.app */,
				976549E32508014400171037 /* EmployeeDirectoryTests.xctest */,
			);
			name = Products;
			sourceTree = "<group>";
		};
		976549CC2508014300171037 /* EmployeeDirectory */ = {
			isa = PBXGroup;
			children = (
				976549F6250801E400171037 /* App Root */,
				97FB74FE25080CA0008E6154 /* Employee */,
				976549F7250801F500171037 /* Employee List */,
				976549F82508021600171037 /* Extensions */,
				972F72942508F83900B123DD /* Images */,
				972F729A2509303500B123DD /* Persistence */,
				976549F5250801D800171037 /* Supporting Files */,
			);
			path = EmployeeDirectory;
			sourceTree = "<group>";
		};
		976549E62508014400171037 /* EmployeeDirectoryTests */ = {
			isa = PBXGroup;
			children = (
				97FB74F8250808B1008E6154 /* Extensions */,
				976549E92508014400171037 /* Info.plist */,
				9705DE5525083A0600A43645 /* Mocks */,
			);
			path = EmployeeDirectoryTests;
			sourceTree = "<group>";
		};
		976549F5250801D800171037 /* Supporting Files */ = {
			isa = PBXGroup;
			children = (
				976549D62508014300171037 /* EmployeeDirectory.xcdatamodeld */,
				976549D92508014400171037 /* Assets.xcassets */,
				976549DB2508014400171037 /* LaunchScreen.storyboard */,
				976549DE2508014400171037 /* Info.plist */,
			);
			path = "Supporting Files";
			sourceTree = "<group>";
		};
		976549F6250801E400171037 /* App Root */ = {
			isa = PBXGroup;
			children = (
				976549CD2508014300171037 /* AppDelegate.swift */,
				976549CF2508014300171037 /* SceneDelegate.swift */,
			);
			path = "App Root";
			sourceTree = "<group>";
		};
		976549F7250801F500171037 /* Employee List */ = {
			isa = PBXGroup;
			children = (
				976549FC2508029300171037 /* EmployeeListCollectionViewController.swift */,
				976549F2250801B700171037 /* EmployeeListContainerViewController.swift */,
				97FB74F4250807A1008E6154 /* EmployeeListContainerViewControllerTests.swift */,
				9705DE50250837F600A43645 /* EmployeeListEndpoint.swift */,
				9705DE532508380300A43645 /* EmployeeListEndpointTests.swift */,
				97F410212509A635007AC421 /* EmployeeListErrorViewController.swift */,
				97F410242509AACB007AC421 /* EmployeeListLoadingViewController.swift */,
				9705DE5A250847D200A43645 /* EmployeeListModel.swift */,
				9705DE5E2508481300A43645 /* EmployeeListModelTests.swift */,
				97FB74F0250806C4008E6154 /* EmployeeListNavigationController.swift */,
				97FB74F6250807B3008E6154 /* EmployeeListNavigationControllerTests.swift */,
			);
			path = "Employee List";
			sourceTree = "<group>";
		};
		976549F82508021600171037 /* Extensions */ = {
			isa = PBXGroup;
			children = (
				97FB74EE250804A4008E6154 /* UIView+Extensions.swift */,
				976549F92508022C00171037 /* UIViewController+Extensions.swift */,
			);
			path = Extensions;
			sourceTree = "<group>";
		};
		97FB74F8250808B1008E6154 /* Extensions */ = {
			isa = PBXGroup;
			children = (
				9705DE5825083E0000A43645 /* Employee+TestExtensions.swift */,
				97FB74F9250808D7008E6154 /* UIViewController+TestExtensions.swift */,
				97FB74FB25080924008E6154 /* XCTestCase+TestExtensions.swift */,
			);
			path = Extensions;
			sourceTree = "<group>";
		};
		97FB74FE25080CA0008E6154 /* Employee */ = {
			isa = PBXGroup;
			children = (
				97FB74FF25080CBE008E6154 /* Employee.swift */,
				97FB750225080CCC008E6154 /* EmployeeTests.swift */,
			);
			path = Employee;
			sourceTree = "<group>";
		};
		A09741B136323EF3BE377A16 /* Frameworks */ = {
			isa = PBXGroup;
			children = (
				4EEA1738B10F9CDF7D424CD5 /* Pods_EmployeeDirectory.framework */,
				95839B0ED2C78729993F1936 /* Pods_EmployeeDirectoryTests.framework */,
			);
			name = Frameworks;
			sourceTree = "<group>";
		};
		E2E608CA28A899A1072599DB /* Pods */ = {
			isa = PBXGroup;
			children = (
				A294A19C696993EF24303C89 /* Pods-EmployeeDirectory.debug.xcconfig */,
				31F3D357458946F3DA5E27CE /* Pods-EmployeeDirectory.release.xcconfig */,
				DC056883041794785A5F7278 /* Pods-EmployeeDirectoryTests.debug.xcconfig */,
				E4CA40F4BC2D36FE3733E822 /* Pods-EmployeeDirectoryTests.release.xcconfig */,
			);
			path = Pods;
			sourceTree = "<group>";
		};
/* End PBXGroup section */

/* Begin PBXNativeTarget section */
		976549C92508014300171037 /* EmployeeDirectory */ = {
			isa = PBXNativeTarget;
			buildConfigurationList = 976549EC2508014400171037 /* Build configuration list for PBXNativeTarget "EmployeeDirectory" */;
			buildPhases = (
				65F6329482966D43E645B6A2 /* [CP] Check Pods Manifest.lock */,
				972F72972509274400B123DD /* Swift Format */,
				976549C62508014300171037 /* Sources */,
				976549C72508014300171037 /* Frameworks */,
				976549C82508014300171037 /* Resources */,
				C142D924522991098BCD32A2 /* [CP] Embed Pods Frameworks */,
			);
			buildRules = (
			);
			dependencies = (
			);
			name = EmployeeDirectory;
			productName = EmployeeDirectory;
			productReference = 976549CA2508014300171037 /* EmployeeDirectory.app */;
			productType = "com.apple.product-type.application";
		};
		976549E22508014400171037 /* EmployeeDirectoryTests */ = {
			isa = PBXNativeTarget;
			buildConfigurationList = 976549EF2508014400171037 /* Build configuration list for PBXNativeTarget "EmployeeDirectoryTests" */;
			buildPhases = (
				C868BEBC258686F2167A8593 /* [CP] Check Pods Manifest.lock */,
				976549DF2508014400171037 /* Sources */,
				976549E02508014400171037 /* Frameworks */,
				976549E12508014400171037 /* Resources */,
				A7D10A0694E047D234722791 /* [CP] Embed Pods Frameworks */,
			);
			buildRules = (
			);
			dependencies = (
				976549E52508014400171037 /* PBXTargetDependency */,
			);
			name = EmployeeDirectoryTests;
			productName = EmployeeDirectoryTests;
			productReference = 976549E32508014400171037 /* EmployeeDirectoryTests.xctest */;
			productType = "com.apple.product-type.bundle.unit-test";
		};
/* End PBXNativeTarget section */

/* Begin PBXProject section */
		976549C22508014300171037 /* Project object */ = {
			isa = PBXProject;
			attributes = {
				LastSwiftUpdateCheck = 1170;
				LastUpgradeCheck = 1170;
				ORGANIZATIONNAME = "Patrick Maltagliati";
				TargetAttributes = {
					976549C92508014300171037 = {
						CreatedOnToolsVersion = 11.7;
					};
					976549E22508014400171037 = {
						CreatedOnToolsVersion = 11.7;
						TestTargetID = 976549C92508014300171037;
					};
				};
			};
			buildConfigurationList = 976549C52508014300171037 /* Build configuration list for PBXProject "EmployeeDirectory" */;
			compatibilityVersion = "Xcode 9.3";
			developmentRegion = en;
			hasScannedForEncodings = 0;
			knownRegions = (
				en,
				Base,
			);
			mainGroup = 976549C12508014300171037;
			productRefGroup = 976549CB2508014300171037 /* Products */;
			projectDirPath = "";
			projectRoot = "";
			targets = (
				976549C92508014300171037 /* EmployeeDirectory */,
				976549E22508014400171037 /* EmployeeDirectoryTests */,
			);
		};
/* End PBXProject section */

/* Begin PBXResourcesBuildPhase section */
		976549C82508014300171037 /* Resources */ = {
			isa = PBXResourcesBuildPhase;
			buildActionMask = 2147483647;
			files = (
				976549DD2508014400171037 /* LaunchScreen.storyboard in Resources */,
				976549DA2508014400171037 /* Assets.xcassets in Resources */,
			);
			runOnlyForDeploymentPostprocessing = 0;
		};
		976549E12508014400171037 /* Resources */ = {
			isa = PBXResourcesBuildPhase;
			buildActionMask = 2147483647;
			files = (
			);
			runOnlyForDeploymentPostprocessing = 0;
		};
/* End PBXResourcesBuildPhase section */

/* Begin PBXShellScriptBuildPhase section */
		65F6329482966D43E645B6A2 /* [CP] Check Pods Manifest.lock */ = {
			isa = PBXShellScriptBuildPhase;
			buildActionMask = 2147483647;
			files = (
			);
			inputFileListPaths = (
			);
			inputPaths = (
				"${PODS_PODFILE_DIR_PATH}/Podfile.lock",
				"${PODS_ROOT}/Manifest.lock",
			);
			name = "[CP] Check Pods Manifest.lock";
			outputFileListPaths = (
			);
			outputPaths = (
				"$(DERIVED_FILE_DIR)/Pods-EmployeeDirectory-checkManifestLockResult.txt",
			);
			runOnlyForDeploymentPostprocessing = 0;
			shellPath = /bin/sh;
			shellScript = "diff \"${PODS_PODFILE_DIR_PATH}/Podfile.lock\" \"${PODS_ROOT}/Manifest.lock\" > /dev/null\nif [ $? != 0 ] ; then\n    # print error to STDERR\n    echo \"error: The sandbox is not in sync with the Podfile.lock. Run 'pod install' or update your CocoaPods installation.\" >&2\n    exit 1\nfi\n# This output is used by Xcode 'outputs' to avoid re-running this script phase.\necho \"SUCCESS\" > \"${SCRIPT_OUTPUT_FILE_0}\"\n";
			showEnvVarsInLog = 0;
		};
		972F72972509274400B123DD /* Swift Format */ = {
			isa = PBXShellScriptBuildPhase;
			buildActionMask = 2147483647;
			files = (
			);
			inputFileListPaths = (
			);
			inputPaths = (
			);
			name = "Swift Format";
			outputFileListPaths = (
			);
			outputPaths = (
			);
			runOnlyForDeploymentPostprocessing = 0;
			shellPath = /bin/sh;
			shellScript = "\"${PODS_ROOT}/SwiftFormat/CommandLineTool/swiftformat\" \"$SRCROOT\"\n";
		};
		A7D10A0694E047D234722791 /* [CP] Embed Pods Frameworks */ = {
			isa = PBXShellScriptBuildPhase;
			buildActionMask = 2147483647;
			files = (
			);
			inputFileListPaths = (
				"${PODS_ROOT}/Target Support Files/Pods-EmployeeDirectoryTests/Pods-EmployeeDirectoryTests-frameworks-${CONFIGURATION}-input-files.xcfilelist",
			);
			name = "[CP] Embed Pods Frameworks";
			outputFileListPaths = (
				"${PODS_ROOT}/Target Support Files/Pods-EmployeeDirectoryTests/Pods-EmployeeDirectoryTests-frameworks-${CONFIGURATION}-output-files.xcfilelist",
			);
			runOnlyForDeploymentPostprocessing = 0;
			shellPath = /bin/sh;
			shellScript = "\"${PODS_ROOT}/Target Support Files/Pods-EmployeeDirectoryTests/Pods-EmployeeDirectoryTests-frameworks.sh\"\n";
			showEnvVarsInLog = 0;
		};
		C142D924522991098BCD32A2 /* [CP] Embed Pods Frameworks */ = {
			isa = PBXShellScriptBuildPhase;
			buildActionMask = 2147483647;
			files = (
			);
			inputFileListPaths = (
				"${PODS_ROOT}/Target Support Files/Pods-EmployeeDirectory/Pods-EmployeeDirectory-frameworks-${CONFIGURATION}-input-files.xcfilelist",
			);
			name = "[CP] Embed Pods Frameworks";
			outputFileListPaths = (
				"${PODS_ROOT}/Target Support Files/Pods-EmployeeDirectory/Pods-EmployeeDirectory-frameworks-${CONFIGURATION}-output-files.xcfilelist",
			);
			runOnlyForDeploymentPostprocessing = 0;
			shellPath = /bin/sh;
			shellScript = "\"${PODS_ROOT}/Target Support Files/Pods-EmployeeDirectory/Pods-EmployeeDirectory-frameworks.sh\"\n";
			showEnvVarsInLog = 0;
		};
		C868BEBC258686F2167A8593 /* [CP] Check Pods Manifest.lock */ = {
			isa = PBXShellScriptBuildPhase;
			buildActionMask = 2147483647;
			files = (
			);
			inputFileListPaths = (
			);
			inputPaths = (
				"${PODS_PODFILE_DIR_PATH}/Podfile.lock",
				"${PODS_ROOT}/Manifest.lock",
			);
			name = "[CP] Check Pods Manifest.lock";
			outputFileListPaths = (
			);
			outputPaths = (
				"$(DERIVED_FILE_DIR)/Pods-EmployeeDirectoryTests-checkManifestLockResult.txt",
			);
			runOnlyForDeploymentPostprocessing = 0;
			shellPath = /bin/sh;
			shellScript = "diff \"${PODS_PODFILE_DIR_PATH}/Podfile.lock\" \"${PODS_ROOT}/Manifest.lock\" > /dev/null\nif [ $? != 0 ] ; then\n    # print error to STDERR\n    echo \"error: The sandbox is not in sync with the Podfile.lock. Run 'pod install' or update your CocoaPods installation.\" >&2\n    exit 1\nfi\n# This output is used by Xcode 'outputs' to avoid re-running this script phase.\necho \"SUCCESS\" > \"${SCRIPT_OUTPUT_FILE_0}\"\n";
			showEnvVarsInLog = 0;
		};
/* End PBXShellScriptBuildPhase section */

/* Begin PBXSourcesBuildPhase section */
		976549C62508014300171037 /* Sources */ = {
			isa = PBXSourcesBuildPhase;
			buildActionMask = 2147483647;
			files = (
				97FB74EF250804A4008E6154 /* UIView+Extensions.swift in Sources */,
				9705DE5B250847D200A43645 /* EmployeeListModel.swift in Sources */,
				97FB750025080CBE008E6154 /* Employee.swift in Sources */,
				97FB74F1250806C4008E6154 /* EmployeeListNavigationController.swift in Sources */,
				976549F3250801B700171037 /* EmployeeListContainerViewController.swift in Sources */,
				9705DE51250837F600A43645 /* EmployeeListEndpoint.swift in Sources */,
				972F729C2509306700B123DD /* DataStack.swift in Sources */,
				97F410222509A635007AC421 /* EmployeeListErrorViewController.swift in Sources */,
				976549CE2508014300171037 /* AppDelegate.swift in Sources */,
				97F410252509AACB007AC421 /* EmployeeListLoadingViewController.swift in Sources */,
				976549FD2508029300171037 /* EmployeeListCollectionViewController.swift in Sources */,
				976549FA2508022C00171037 /* UIViewController+Extensions.swift in Sources */,
				976549D02508014300171037 /* SceneDelegate.swift in Sources */,
				972F72962508F89700B123DD /* ImageDownloader.swift in Sources */,
				976549D82508014300171037 /* EmployeeDirectory.xcdatamodeld in Sources */,
			);
			runOnlyForDeploymentPostprocessing = 0;
		};
		976549DF2508014400171037 /* Sources */ = {
			isa = PBXSourcesBuildPhase;
			buildActionMask = 2147483647;
			files = (
				976549FE2508029300171037 /* EmployeeListCollectionViewController.swift in Sources */,
				97FB74F5250807A1008E6154 /* EmployeeListContainerViewControllerTests.swift in Sources */,
				97FB74FA250808D7008E6154 /* UIViewController+TestExtensions.swift in Sources */,
				972F729D2509306700B123DD /* DataStack.swift in Sources */,
				9705DE542508380300A43645 /* EmployeeListEndpointTests.swift in Sources */,
				9705DE5925083E0000A43645 /* Employee+TestExtensions.swift in Sources */,
				97FB750125080CBE008E6154 /* Employee.swift in Sources */,
				9705DE5725083A3F00A43645 /* URLProtocolMock.swift in Sources */,
				97FB74FD25080A4B008E6154 /* UIView+Extensions.swift in Sources */,
				97F410232509A635007AC421 /* EmployeeListErrorViewController.swift in Sources */,
				97FB74F2250806C4008E6154 /* EmployeeListNavigationController.swift in Sources */,
				9705DE52250837F600A43645 /* EmployeeListEndpoint.swift in Sources */,
				97F410262509AACB007AC421 /* EmployeeListLoadingViewController.swift in Sources */,
				97FB74FC25080924008E6154 /* XCTestCase+TestExtensions.swift in Sources */,
				976549F4250801B700171037 /* EmployeeListContainerViewController.swift in Sources */,
				976549FB2508022C00171037 /* UIViewController+Extensions.swift in Sources */,
				97FB74F7250807B3008E6154 /* EmployeeListNavigationControllerTests.swift in Sources */,
				97FB750325080CCC008E6154 /* EmployeeTests.swift in Sources */,
				9705DE5F2508481300A43645 /* EmployeeListModelTests.swift in Sources */,
				972F72982509287200B123DD /* ImageDownloader.swift in Sources */,
				9705DE5C250847D200A43645 /* EmployeeListModel.swift in Sources */,
				97F410202509A05A007AC421 /* DataStackProtocolMock.swift in Sources */,
				97F4101E25099FAE007AC421 /* EmployeeDirectory.xcdatamodeld in Sources */,
			);
			runOnlyForDeploymentPostprocessing = 0;
		};
/* End PBXSourcesBuildPhase section */

/* Begin PBXTargetDependency section */
		976549E52508014400171037 /* PBXTargetDependency */ = {
			isa = PBXTargetDependency;
			target = 976549C92508014300171037 /* EmployeeDirectory */;
			targetProxy = 976549E42508014400171037 /* PBXContainerItemProxy */;
		};
/* End PBXTargetDependency section */

/* Begin PBXVariantGroup section */
		976549DB2508014400171037 /* LaunchScreen.storyboard */ = {
			isa = PBXVariantGroup;
			children = (
				976549DC2508014400171037 /* Base */,
			);
			name = LaunchScreen.storyboard;
			sourceTree = "<group>";
		};
/* End PBXVariantGroup section */

/* Begin XCBuildConfiguration section */
		976549EA2508014400171037 /* Debug */ = {
			isa = XCBuildConfiguration;
			buildSettings = {
				ALWAYS_SEARCH_USER_PATHS = NO;
				CLANG_ANALYZER_NONNULL = YES;
				CLANG_ANALYZER_NUMBER_OBJECT_CONVERSION = YES_AGGRESSIVE;
				CLANG_CXX_LANGUAGE_STANDARD = "gnu++14";
				CLANG_CXX_LIBRARY = "libc++";
				CLANG_ENABLE_MODULES = YES;
				CLANG_ENABLE_OBJC_ARC = YES;
				CLANG_ENABLE_OBJC_WEAK = YES;
				CLANG_WARN_BLOCK_CAPTURE_AUTORELEASING = YES;
				CLANG_WARN_BOOL_CONVERSION = YES;
				CLANG_WARN_COMMA = YES;
				CLANG_WARN_CONSTANT_CONVERSION = YES;
				CLANG_WARN_DEPRECATED_OBJC_IMPLEMENTATIONS = YES;
				CLANG_WARN_DIRECT_OBJC_ISA_USAGE = YES_ERROR;
				CLANG_WARN_DOCUMENTATION_COMMENTS = YES;
				CLANG_WARN_EMPTY_BODY = YES;
				CLANG_WARN_ENUM_CONVERSION = YES;
				CLANG_WARN_INFINITE_RECURSION = YES;
				CLANG_WARN_INT_CONVERSION = YES;
				CLANG_WARN_NON_LITERAL_NULL_CONVERSION = YES;
				CLANG_WARN_OBJC_IMPLICIT_RETAIN_SELF = YES;
				CLANG_WARN_OBJC_LITERAL_CONVERSION = YES;
				CLANG_WARN_OBJC_ROOT_CLASS = YES_ERROR;
				CLANG_WARN_RANGE_LOOP_ANALYSIS = YES;
				CLANG_WARN_STRICT_PROTOTYPES = YES;
				CLANG_WARN_SUSPICIOUS_MOVE = YES;
				CLANG_WARN_UNGUARDED_AVAILABILITY = YES_AGGRESSIVE;
				CLANG_WARN_UNREACHABLE_CODE = YES;
				CLANG_WARN__DUPLICATE_METHOD_MATCH = YES;
				COPY_PHASE_STRIP = NO;
				DEBUG_INFORMATION_FORMAT = dwarf;
				ENABLE_STRICT_OBJC_MSGSEND = YES;
				ENABLE_TESTABILITY = YES;
				GCC_C_LANGUAGE_STANDARD = gnu11;
				GCC_DYNAMIC_NO_PIC = NO;
				GCC_NO_COMMON_BLOCKS = YES;
				GCC_OPTIMIZATION_LEVEL = 0;
				GCC_PREPROCESSOR_DEFINITIONS = (
					"DEBUG=1",
					"$(inherited)",
				);
				GCC_WARN_64_TO_32_BIT_CONVERSION = YES;
				GCC_WARN_ABOUT_RETURN_TYPE = YES_ERROR;
				GCC_WARN_UNDECLARED_SELECTOR = YES;
				GCC_WARN_UNINITIALIZED_AUTOS = YES_AGGRESSIVE;
				GCC_WARN_UNUSED_FUNCTION = YES;
				GCC_WARN_UNUSED_VARIABLE = YES;
				IPHONEOS_DEPLOYMENT_TARGET = 13.7;
				MTL_ENABLE_DEBUG_INFO = INCLUDE_SOURCE;
				MTL_FAST_MATH = YES;
				ONLY_ACTIVE_ARCH = YES;
				SDKROOT = iphoneos;
				SWIFT_ACTIVE_COMPILATION_CONDITIONS = DEBUG;
				SWIFT_OPTIMIZATION_LEVEL = "-Onone";
			};
			name = Debug;
		};
		976549EB2508014400171037 /* Release */ = {
			isa = XCBuildConfiguration;
			buildSettings = {
				ALWAYS_SEARCH_USER_PATHS = NO;
				CLANG_ANALYZER_NONNULL = YES;
				CLANG_ANALYZER_NUMBER_OBJECT_CONVERSION = YES_AGGRESSIVE;
				CLANG_CXX_LANGUAGE_STANDARD = "gnu++14";
				CLANG_CXX_LIBRARY = "libc++";
				CLANG_ENABLE_MODULES = YES;
				CLANG_ENABLE_OBJC_ARC = YES;
				CLANG_ENABLE_OBJC_WEAK = YES;
				CLANG_WARN_BLOCK_CAPTURE_AUTORELEASING = YES;
				CLANG_WARN_BOOL_CONVERSION = YES;
				CLANG_WARN_COMMA = YES;
				CLANG_WARN_CONSTANT_CONVERSION = YES;
				CLANG_WARN_DEPRECATED_OBJC_IMPLEMENTATIONS = YES;
				CLANG_WARN_DIRECT_OBJC_ISA_USAGE = YES_ERROR;
				CLANG_WARN_DOCUMENTATION_COMMENTS = YES;
				CLANG_WARN_EMPTY_BODY = YES;
				CLANG_WARN_ENUM_CONVERSION = YES;
				CLANG_WARN_INFINITE_RECURSION = YES;
				CLANG_WARN_INT_CONVERSION = YES;
				CLANG_WARN_NON_LITERAL_NULL_CONVERSION = YES;
				CLANG_WARN_OBJC_IMPLICIT_RETAIN_SELF = YES;
				CLANG_WARN_OBJC_LITERAL_CONVERSION = YES;
				CLANG_WARN_OBJC_ROOT_CLASS = YES_ERROR;
				CLANG_WARN_RANGE_LOOP_ANALYSIS = YES;
				CLANG_WARN_STRICT_PROTOTYPES = YES;
				CLANG_WARN_SUSPICIOUS_MOVE = YES;
				CLANG_WARN_UNGUARDED_AVAILABILITY = YES_AGGRESSIVE;
				CLANG_WARN_UNREACHABLE_CODE = YES;
				CLANG_WARN__DUPLICATE_METHOD_MATCH = YES;
				COPY_PHASE_STRIP = NO;
				DEBUG_INFORMATION_FORMAT = "dwarf-with-dsym";
				ENABLE_NS_ASSERTIONS = NO;
				ENABLE_STRICT_OBJC_MSGSEND = YES;
				GCC_C_LANGUAGE_STANDARD = gnu11;
				GCC_NO_COMMON_BLOCKS = YES;
				GCC_WARN_64_TO_32_BIT_CONVERSION = YES;
				GCC_WARN_ABOUT_RETURN_TYPE = YES_ERROR;
				GCC_WARN_UNDECLARED_SELECTOR = YES;
				GCC_WARN_UNINITIALIZED_AUTOS = YES_AGGRESSIVE;
				GCC_WARN_UNUSED_FUNCTION = YES;
				GCC_WARN_UNUSED_VARIABLE = YES;
				IPHONEOS_DEPLOYMENT_TARGET = 13.7;
				MTL_ENABLE_DEBUG_INFO = NO;
				MTL_FAST_MATH = YES;
				SDKROOT = iphoneos;
				SWIFT_COMPILATION_MODE = wholemodule;
				SWIFT_OPTIMIZATION_LEVEL = "-O";
				VALIDATE_PRODUCT = YES;
			};
			name = Release;
		};
		976549ED2508014400171037 /* Debug */ = {
			isa = XCBuildConfiguration;
			baseConfigurationReference = A294A19C696993EF24303C89 /* Pods-EmployeeDirectory.debug.xcconfig */;
			buildSettings = {
				ASSETCATALOG_COMPILER_APPICON_NAME = AppIcon;
				CODE_SIGN_STYLE = Automatic;
				INFOPLIST_FILE = "EmployeeDirectory/Supporting FIles/Info.plist";
				LD_RUNPATH_SEARCH_PATHS = (
					"$(inherited)",
					"@executable_path/Frameworks",
				);
				PRODUCT_BUNDLE_IDENTIFIER = Maltagliati.EmployeeDirectory;
				PRODUCT_NAME = "$(TARGET_NAME)";
				SWIFT_VERSION = 5.0;
				TARGETED_DEVICE_FAMILY = "1,2";
			};
			name = Debug;
		};
		976549EE2508014400171037 /* Release */ = {
			isa = XCBuildConfiguration;
			baseConfigurationReference = 31F3D357458946F3DA5E27CE /* Pods-EmployeeDirectory.release.xcconfig */;
			buildSettings = {
				ASSETCATALOG_COMPILER_APPICON_NAME = AppIcon;
				CODE_SIGN_STYLE = Automatic;
				INFOPLIST_FILE = "EmployeeDirectory/Supporting FIles/Info.plist";
				LD_RUNPATH_SEARCH_PATHS = (
					"$(inherited)",
					"@executable_path/Frameworks",
				);
				PRODUCT_BUNDLE_IDENTIFIER = Maltagliati.EmployeeDirectory;
				PRODUCT_NAME = "$(TARGET_NAME)";
				SWIFT_VERSION = 5.0;
				TARGETED_DEVICE_FAMILY = "1,2";
			};
			name = Release;
		};
		976549F02508014400171037 /* Debug */ = {
			isa = XCBuildConfiguration;
			baseConfigurationReference = DC056883041794785A5F7278 /* Pods-EmployeeDirectoryTests.debug.xcconfig */;
			buildSettings = {
				ALWAYS_EMBED_SWIFT_STANDARD_LIBRARIES = YES;
				BUNDLE_LOADER = "$(TEST_HOST)";
				CODE_SIGN_STYLE = Automatic;
				INFOPLIST_FILE = EmployeeDirectoryTests/Info.plist;
				IPHONEOS_DEPLOYMENT_TARGET = 13.7;
				LD_RUNPATH_SEARCH_PATHS = (
					"$(inherited)",
					"@executable_path/Frameworks",
					"@loader_path/Frameworks",
				);
				PRODUCT_BUNDLE_IDENTIFIER = Maltagliati.EmployeeDirectoryTests;
				PRODUCT_NAME = "$(TARGET_NAME)";
				SWIFT_VERSION = 5.0;
				TARGETED_DEVICE_FAMILY = "1,2";
				TEST_HOST = "$(BUILT_PRODUCTS_DIR)/EmployeeDirectory.app/EmployeeDirectory";
			};
			name = Debug;
		};
		976549F12508014400171037 /* Release */ = {
			isa = XCBuildConfiguration;
			baseConfigurationReference = E4CA40F4BC2D36FE3733E822 /* Pods-EmployeeDirectoryTests.release.xcconfig */;
			buildSettings = {
				ALWAYS_EMBED_SWIFT_STANDARD_LIBRARIES = YES;
				BUNDLE_LOADER = "$(TEST_HOST)";
				CODE_SIGN_STYLE = Automatic;
				INFOPLIST_FILE = EmployeeDirectoryTests/Info.plist;
				IPHONEOS_DEPLOYMENT_TARGET = 13.7;
				LD_RUNPATH_SEARCH_PATHS = (
					"$(inherited)",
					"@executable_path/Frameworks",
					"@loader_path/Frameworks",
				);
				PRODUCT_BUNDLE_IDENTIFIER = Maltagliati.EmployeeDirectoryTests;
				PRODUCT_NAME = "$(TARGET_NAME)";
				SWIFT_VERSION = 5.0;
				TARGETED_DEVICE_FAMILY = "1,2";
				TEST_HOST = "$(BUILT_PRODUCTS_DIR)/EmployeeDirectory.app/EmployeeDirectory";
			};
			name = Release;
		};
/* End XCBuildConfiguration section */

/* Begin XCConfigurationList section */
		976549C52508014300171037 /* Build configuration list for PBXProject "EmployeeDirectory" */ = {
			isa = XCConfigurationList;
			buildConfigurations = (
				976549EA2508014400171037 /* Debug */,
				976549EB2508014400171037 /* Release */,
			);
			defaultConfigurationIsVisible = 0;
			defaultConfigurationName = Release;
		};
		976549EC2508014400171037 /* Build configuration list for PBXNativeTarget "EmployeeDirectory" */ = {
			isa = XCConfigurationList;
			buildConfigurations = (
				976549ED2508014400171037 /* Debug */,
				976549EE2508014400171037 /* Release */,
			);
			defaultConfigurationIsVisible = 0;
			defaultConfigurationName = Release;
		};
		976549EF2508014400171037 /* Build configuration list for PBXNativeTarget "EmployeeDirectoryTests" */ = {
			isa = XCConfigurationList;
			buildConfigurations = (
				976549F02508014400171037 /* Debug */,
				976549F12508014400171037 /* Release */,
			);
			defaultConfigurationIsVisible = 0;
			defaultConfigurationName = Release;
		};
/* End XCConfigurationList section */

/* Begin XCVersionGroup section */
		976549D62508014300171037 /* EmployeeDirectory.xcdatamodeld */ = {
			isa = XCVersionGroup;
			children = (
				976549D72508014300171037 /* EmployeeDirectory.xcdatamodel */,
			);
			currentVersion = 976549D72508014300171037 /* EmployeeDirectory.xcdatamodel */;
			path = EmployeeDirectory.xcdatamodeld;
			sourceTree = "<group>";
			versionGroupType = wrapper.xcdatamodel;
		};
/* End XCVersionGroup section */
	};
	rootObject = 976549C22508014300171037 /* Project object */;
}
